
Microsoft Visual Studio Solution File, Format Version 12.00
# Visual Studio Version 17
VisualStudioVersion = 17.0.31903.59
MinimumVisualStudioVersion = 10.0.40219.1
Project("{FAE04EC0-301F-11D3-BF4B-00C04F79EFBC}") = "API", "API\API.csproj", "{6C35BB8E-94FA-4AA0-A8AF-F209A8559467}"
EndProject
Project("{FAE04EC0-301F-11D3-BF4B-00C04F79EFBC}") = "Core", "Core\Core.csproj", "{5EE8DA34-0528-4E18-9382-31498DD51017}"
EndProject
Project("{FAE04EC0-301F-11D3-BF4B-00C04F79EFBC}") = "Infrastructure", "Infrastructure\Infrastructure.csproj", "{A5CB8A4C-BFC3-4B47-A126-47BD9FC07934}"
EndProject
Global
	GlobalSection(SolutionConfigurationPlatforms) = preSolution
		Debug|Any CPU = Debug|Any CPU
		Debug|x64 = Debug|x64
		Debug|x86 = Debug|x86
		Release|Any CPU = Release|Any CPU
		Release|x64 = Release|x64
		Release|x86 = Release|x86
	EndGlobalSection
	GlobalSection(ProjectConfigurationPlatforms) = postSolution
		{6C35BB8E-94FA-4AA0-A8AF-F209A8559467}.Debug|Any CPU.ActiveCfg = Debug|Any CPU
		{6C35BB8E-94FA-4AA0-A8AF-F209A8559467}.Debug|Any CPU.Build.0 = Debug|Any CPU
		{6C35BB8E-94FA-4AA0-A8AF-F209A8559467}.Debug|x64.ActiveCfg = Debug|Any CPU
		{6C35BB8E-94FA-4AA0-A8AF-F209A8559467}.Debug|x64.Build.0 = Debug|Any CPU
		{6C35BB8E-94FA-4AA0-A8AF-F209A8559467}.Debug|x86.ActiveCfg = Debug|Any CPU
		{6C35BB8E-94FA-4AA0-A8AF-F209A8559467}.Debug|x86.Build.0 = Debug|Any CPU
		{6C35BB8E-94FA-4AA0-A8AF-F209A8559467}.Release|Any CPU.ActiveCfg = Release|Any CPU
		{6C35BB8E-94FA-4AA0-A8AF-F209A8559467}.Release|Any CPU.Build.0 = Release|Any CPU
		{6C35BB8E-94FA-4AA0-A8AF-F209A8559467}.Release|x64.ActiveCfg = Release|Any CPU
		{6C35BB8E-94FA-4AA0-A8AF-F209A8559467}.Release|x64.Build.0 = Release|Any CPU
		{6C35BB8E-94FA-4AA0-A8AF-F209A8559467}.Release|x86.ActiveCfg = Release|Any CPU
		{6C35BB8E-94FA-4AA0-A8AF-F209A8559467}.Release|x86.Build.0 = Release|Any CPU
		{5EE8DA34-0528-4E18-9382-31498DD51017}.Debug|Any CPU.ActiveCfg = Debug|Any CPU
		{5EE8DA34-0528-4E18-9382-31498DD51017}.Debug|Any CPU.Build.0 = Debug|Any CPU
		{5EE8DA34-0528-4E18-9382-31498DD51017}.Debug|x64.ActiveCfg = Debug|Any CPU
		{5EE8DA34-0528-4E18-9382-31498DD51017}.Debug|x64.Build.0 = Debug|Any CPU
		{5EE8DA34-0528-4E18-9382-31498DD51017}.Debug|x86.ActiveCfg = Debug|Any CPU
		{5EE8DA34-0528-4E18-9382-31498DD51017}.Debug|x86.Build.0 = Debug|Any CPU
		{5EE8DA34-0528-4E18-9382-31498DD51017}.Release|Any CPU.ActiveCfg = Release|Any CPU
		{5EE8DA34-0528-4E18-9382-31498DD51017}.Release|Any CPU.Build.0 = Release|Any CPU
		{5EE8DA34-0528-4E18-9382-31498DD51017}.Release|x64.ActiveCfg = Release|Any CPU
		{5EE8DA34-0528-4E18-9382-31498DD51017}.Release|x64.Build.0 = Release|Any CPU
		{5EE8DA34-0528-4E18-9382-31498DD51017}.Release|x86.ActiveCfg = Release|Any CPU
		{5EE8DA34-0528-4E18-9382-31498DD51017}.Release|x86.Build.0 = Release|Any CPU
		{A5CB8A4C-BFC3-4B47-A126-47BD9FC07934}.Debug|Any CPU.ActiveCfg = Debug|Any CPU
		{A5CB8A4C-BFC3-4B47-A126-47BD9FC07934}.Debug|Any CPU.Build.0 = Debug|Any CPU
		{A5CB8A4C-BFC3-4B47-A126-47BD9FC07934}.Debug|x64.ActiveCfg = Debug|Any CPU
		{A5CB8A4C-BFC3-4B47-A126-47BD9FC07934}.Debug|x64.Build.0 = Debug|Any CPU
		{A5CB8A4C-BFC3-4B47-A126-47BD9FC07934}.Debug|x86.ActiveCfg = Debug|Any CPU
		{A5CB8A4C-BFC3-4B47-A126-47BD9FC07934}.Debug|x86.Build.0 = Debug|Any CPU
		{A5CB8A4C-BFC3-4B47-A126-47BD9FC07934}.Release|Any CPU.ActiveCfg = Release|Any CPU
		{A5CB8A4C-BFC3-4B47-A126-47BD9FC07934}.Release|Any CPU.Build.0 = Release|Any CPU
		{A5CB8A4C-BFC3-4B47-A126-47BD9FC07934}.Release|x64.ActiveCfg = Release|Any CPU
		{A5CB8A4C-BFC3-4B47-A126-47BD9FC07934}.Release|x64.Build.0 = Release|Any CPU
		{A5CB8A4C-BFC3-4B47-A126-47BD9FC07934}.Release|x86.ActiveCfg = Release|Any CPU
		{A5CB8A4C-BFC3-4B47-A126-47BD9FC07934}.Release|x86.Build.0 = Release|Any CPU
	EndGlobalSection
	GlobalSection(SolutionProperties) = preSolution
		HideSolutionNode = FALSE
	EndGlobalSection
EndGlobal
